# THIS IS AN AUTOGENERATED FILE. DO NOT EDIT THIS FILE DIRECTLY.
# yarn lockfile v1


"@oven/bun-darwin-aarch64@1.4.2":
  version "1.4.2"
  resolved "https://registry.yarnpkg.com/@oven/bun-darwin-aarch64/-/bun-darwin-aarch64-1.4.2.tgz#0aef83ab4d4d0efcfeaec6e3c8be5a13a35cfd87"
  integrity sha512-MXdZkP1featqxZ+/VTXWG1BVjM4OGBehVY2Q88EeUj/7L0UMeCGItmyPYTN+wxvlGJ6F66JEtzsw+GvQWewnag==

"@oven/bun-darwin-x64@1.4.2":
  version "1.4.2"
  resolved "https://registry.yarnpkg.com/@oven/bun-darwin-x64/-/bun-darwin-x64-1.4.2.tgz#016ee902edb9336ee0d55b988e51d9446b3f9cdd"
  integrity sha512-gZTxZuLjkUhAWjTETu3tw0WhsEdNkJ64daj60ybhPf835a2yollV3yTkK9JozvzKPx4TRFzLSl8C+U525pxVbw==

"@oven/bun-freebsd-aarch64@1.4.2":
  version "1.4.2"
  resolved "https://registry.yarnpkg.com/@oven/bun-freebsd-aarch64/-/bun-freebsd-aarch64-1.4.2.tgz#bf1ef229a3964ac1b87658bc7598d3df8397bfa5"
  integrity sha512-SMNItMw1Z8QeeQVKnw8jA7xQNkeXdP+OPgin4Wi/QTx/B8RHHLnuZfqmFy7NtVeT2NF0kKYppW4WWd2CCYZjhQ==

"@oven/bun-freebsd-x64@1.4.2":
  version "1.4.2"
  resolved "https://registry.yarnpkg.com/@oven/bun-freebsd-x64/-/bun-freebsd-x64-1.4.2.tgz#0e029bccf910f7d099e4b459e79e6e6aa6ac2615"
  integrity sha512-THbPKXhO54N0DpFRKZNDZpQ7dpbX0bWASuARckAUS9wRtFIHsiY+uULXJvxJGo2YD1YewvXQ4G8Fj7XT5oBCiw==

"@oven/bun-linux-aarch64-android@1.4.2":
  version "1.4.2"
  resolved "https://registry.yarnpkg.com/@oven/bun-linux-aarch64-android/-/bun-linux-aarch64-android-1.4.2.tgz#52563a8a2a66c5c7816dfa915c866915c8e5adb1"
  integrity sha512-3mZKO2rhsNgbAUtAHC1UKUlF2zTxFraDZT/Elv8wzyH0fJL9h+Iv3TgB9lO63w89PRn3eFe+NRA1bhVgikKNPQ==

"@oven/bun-linux-aarch64-musl@1.4.2":
  version "1.4.2"
  resolved "https://registry.yarnpkg.com/@oven/bun-linux-aarch64-musl/-/bun-linux-aarch64-musl-1.4.2.tgz#1f2116082cc8d58d76de3536a2b0b6d73a413521"
  integrity sha512-+Sm6y+lSiSFBOtXmnekp5Q6n1tUKlyv71FCPWBc61Cgb14T5eBs8SN/nh4MUCOKzONkI3O+as3MGUgikS4aCBQ==

"@oven/bun-linux-aarch64@1.4.2":
  version "1.4.2"
  resolved "https://registry.yarnpkg.com/@oven/bun-linux-aarch64/-/bun-linux-aarch64-1.4.2.tgz#dfb01e09070b170cdb71d0225f9c45fac2ad73e3"
  integrity sha512-3BBP9ovJ2RGHFH6Ae1CAtxNtG1+YY6GD6rmYbsUosoAk9+OEl6zeDQ/k4fBkc6dYOJCtWnx8hUxzNzQATSmvYQ==

"@oven/bun-linux-x64-android@1.4.2":
  version "1.4.2"
  resolved "https://registry.yarnpkg.com/@oven/bun-linux-x64-android/-/bun-linux-x64-android-1.4.2.tgz#afd127a97482d23a73c277f880fae49fc7838547"
  integrity sha512-6HC5tzcC79113n2IHCTJMWv+HsQImv4ZFEK2XpYLxY6HbT8tM4cUM2Zv1bHZBQsS3jv/zYBamDJ1UX7If0d5tw==

"@oven/bun-linux-x64-musl@1.4.2":
  version "1.4.2"
  resolved "https://registry.yarnpkg.com/@oven/bun-linux-x64-musl/-/bun-linux-x64-musl-1.4.2.tgz#f7c4fe1b74137b0527fcbae1195be955a48764e8"
  integrity sha512-vVTKUg1bnPhRP/Hp73jIVoFh2vPFNYEqYX0ERKfZBOQEEHitNAeukZzzuUDZS0SoDCIpuWUGSpd/CDMbjdR+Uw==

"@oven/bun-linux-x64@1.4.2":
  version "1.4.2"
  resolved "https://registry.yarnpkg.com/@oven/bun-linux-x64/-/bun-linux-x64-1.4.2.tgz#d1dfbee8a003d6d202c86bfd6c0d728474ad10a8"
  integrity sha512-9/E/UXOTpSo3YsV5g+FhtTd/qTpiWoKuxS12cqtuYA1ssu9fRAoPQnipFgGyck3tWO63iUdxBiygq+kELFawng==

"@oven/bun-windows-aarch64@1.4.2":
  version "1.4.2"
  resolved "https://registry.yarnpkg.com/@oven/bun-windows-aarch64/-/bun-windows-aarch64-1.4.2.tgz#6d2186fd8787192a904a7a5a2db8d70820e8d3c4"
  integrity sha512-8EJ1ST7339WJE3poPW5nBgVW/lWf9HBz4W27ZUNhburKmcBLOByPyE6DP9fHD8FQGm5c+ilUN2hX1mrW0jxq9Q==

"@oven/bun-windows-x64@1.4.2":
  version "1.4.2"
  resolved "https://registry.yarnpkg.com/@oven/bun-windows-x64/-/bun-windows-x64-1.4.2.tgz#f5ede9405ed8df5d0eee62dfb41de316e75119b9"
  integrity sha512-+bN6OuVld/9diT/RLSXSW7JE6CvNE3gL9XsAEjULi1nUsXd6DNO6GuA9jNdNb3r8PdJFnYHr5aypNV1Oj3Rd9g==

bun@1.4.2:
  version "1.4.2"
  resolved "https://registry.yarnpkg.com/bun/-/bun-1.4.2.tgz#79e72a583198bc3cdabe569c8aa83d9f014d6f3d"
  integrity sha512-TrSXo6HJfIEaczpb3kjX82I2pL47vK1QUNmHRCUdz9IzaOwa9lzOXSWwu2l18YHE3sNfGRapVLd4nNm+22vVVA==
  optionalDependencies:
    "@oven/bun-darwin-aarch64" "1.4.2"
    "@oven/bun-darwin-x64" "1.4.2"
    "@oven/bun-freebsd-aarch64" "1.4.2"
    "@oven/bun-freebsd-x64" "1.4.2"
    "@oven/bun-linux-aarch64" "1.4.2"
    "@oven/bun-linux-aarch64-android" "1.4.2"
    "@oven/bun-linux-aarch64-musl" "1.4.2"
    "@oven/bun-linux-x64" "1.4.2"
    "@oven/bun-linux-x64-android" "1.4.2"
    "@oven/bun-linux-x64-musl" "1.4.2"
    "@oven/bun-windows-aarch64" "1.4.2"
    "@oven/bun-windows-x64" "1.4.2"
